
Microsoft Visual Studio Solution File, Format Version 12.00
# Visual Studio Version 16
VisualStudioVersion = 16.0.30517.126
MinimumVisualStudioVersion = 10.0.40219.1
Project("{9A19103F-16F7-4668-BE54-9A1E7A4F7556}") = "Clock-In Station", "Clock-In Station\Clock-In Station.csproj", "{20C15A0B-E25C-45C6-91AF-110403C93A4A}"
EndProject
Project("{9A19103F-16F7-4668-BE54-9A1E7A4F7556}") = "Employee.Data", "Employee.Data\Employee.Data.csproj", "{8DF3C487-A329-48A5-B91E-BF2E574E768B}"
EndProject
Global
	GlobalSection(SolutionConfigurationPlatforms) = preSolution
		Debug|Any CPU = Debug|Any CPU
		Release|Any CPU = Release|Any CPU
	EndGlobalSection
	GlobalSection(ProjectConfigurationPlatforms) = postSolution
		{20C15A0B-E25C-45C6-91AF-110403C93A4A}.Debug|Any CPU.ActiveCfg = Debug|Any CPU
		{20C15A0B-E25C-45C6-91AF-110403C93A4A}.Debug|Any CPU.Build.0 = Debug|Any CPU
		{20C15A0B-E25C-45C6-91AF-110403C93A4A}.Release|Any CPU.ActiveCfg = Release|Any CPU
		{20C15A0B-E25C-45C6-91AF-110403C93A4A}.Release|Any CPU.Build.0 = Release|Any CPU
		{8DF3C487-A329-48A5-B91E-BF2E574E768B}.Debug|Any CPU.ActiveCfg = Debug|Any CPU
		{8DF3C487-A329-48A5-B91E-BF2E574E768B}.Debug|Any CPU.Build.0 = Debug|Any CPU
		{8DF3C487-A329-48A5-B91E-BF2E574E768B}.Release|Any CPU.ActiveCfg = Release|Any CPU
		{8DF3C487-A329-48A5-B91E-BF2E574E768B}.Release|Any CPU.Build.0 = Release|Any CPU
	EndGlobalSection
	GlobalSection(SolutionProperties) = preSolution
		HideSolutionNode = FALSE
	EndGlobalSection
	GlobalSection(ExtensibilityGlobals) = postSolution
		SolutionGuid = {B7FAA2D6-ADD8-44D9-A112-37CAFAF7FDC7}
	EndGlobalSection
EndGlobal
